
Microsoft Visual Studio Solution File, Format Version 12.00
# Visual Studio Version 17
VisualStudioVersion = 17.13.35931.197 d17.13
MinimumVisualStudioVersion = 10.0.40219.1
Project("{FAE04EC0-301F-11D3-BF4B-00C04F79EFBC}") = "Presentation", "Presentation\Presentation.csproj", "{F14E5B1D-26A4-4F53-874F-7F7193CF7A1A}"
EndProject
Global
	GlobalSection(SolutionConfigurationPlatforms) = preSolution
		Debug|Any CPU = Debug|Any CPU
		Release|Any CPU = Release|Any CPU
	EndGlobalSection
	GlobalSection(ProjectConfigurationPlatforms) = postSolution
		{F14E5B1D-26A4-4F53-874F-7F7193CF7A1A}.Debug|Any CPU.ActiveCfg = Debug|Any CPU
		{F14E5B1D-26A4-4F53-874F-7F7193CF7A1A}.Debug|Any CPU.Build.0 = Debug|Any CPU
		{F14E5B1D-26A4-4F53-874F-7F7193CF7A1A}.Release|Any CPU.ActiveCfg = Release|Any CPU
		{F14E5B1D-26A4-4F53-874F-7F7193CF7A1A}.Release|Any CPU.Build.0 = Release|Any CPU
	EndGlobalSection
	GlobalSection(SolutionProperties) = preSolution
		HideSolutionNode = FALSE
	EndGlobalSection
	GlobalSection(ExtensibilityGlobals) = postSolution
		SolutionGuid = {9E0F95F2-F7E3-47B4-9A6D-B8B0B8ED526C}
	EndGlobalSection
EndGlobal
